
Microsoft Visual Studio Solution File, Format Version 12.00
# Visual Studio Version 17
VisualStudioVersion = 17.12.35707.178
MinimumVisualStudioVersion = 10.0.40219.1
Project("{2150E333-8FDC-42A3-9474-1A3956D46DE8}") = "OLCPGEMobile", "OLCPGEMobile", "{3FCFAC9D-285C-481B-BF9C-915956338268}"
EndProject
Project("{8BC9CEB8-8B4A-11D0-8D11-00A0C91BC942}") = "TestOf3D", "TestOf3D\OLCPGEMobile\TestOf3D\TestOf3D.vcxproj", "{E43DB33D-F8A7-4316-ADC8-42DDB05A7DF1}"
EndProject
Project("{8BC9CEB8-8B4A-11D0-8D11-00A0C91BC942}") = "TestOf3D.Shared", "TestOf3D\OLCPGEMobile\TestOf3D.Shared\TestOf3D.Shared.vcxitems", "{B52C2BAF-245E-4704-A3DF-F66581FE00B6}"
EndProject
Project("{8BC9CEB8-8B4A-11D0-8D11-00A0C91BC942}") = "TestOf3D.iOS.StaticLibrary", "TestOf3D\OLCPGEMobile\TestOf3D.iOS.StaticLibrary\TestOf3D.iOS.StaticLibrary.vcxproj", "{3FBF3C7B-88C6-4EB0-A2F5-D076FD2F7D1B}"
EndProject
Project("{8BC9CEB8-8B4A-11D0-8D11-00A0C91BC942}") = "TestOf3D.iOS.Application", "TestOf3D\TestOf3D.iOS.Application\TestOf3D.iOS.Application.xcodeproj\project.pbxproj", "{345DD5E5-711B-4E59-A23C-892ED47BD98C}"
EndProject
Project("{39E2626F-3545-4960-A6E8-258AD8476CE5}") = "TestOf3D", "TestOf3D\TestOf3D\TestOf3D.androidproj", "{7BA32E09-48EE-420E-B8B9-09392D246BA8}"
EndProject
Global
	GlobalSection(SolutionConfigurationPlatforms) = preSolution
		Debug|ARM = Debug|ARM
		Debug|ARM64 = Debug|ARM64
		Debug|x64 = Debug|x64
		Debug|x86 = Debug|x86
		Release|ARM = Release|ARM
		Release|ARM64 = Release|ARM64
		Release|x64 = Release|x64
		Release|x86 = Release|x86
	EndGlobalSection
	GlobalSection(ProjectConfigurationPlatforms) = postSolution
		{E43DB33D-F8A7-4316-ADC8-42DDB05A7DF1}.Debug|ARM.ActiveCfg = Debug|ARM
		{E43DB33D-F8A7-4316-ADC8-42DDB05A7DF1}.Debug|ARM.Build.0 = Debug|ARM
		{E43DB33D-F8A7-4316-ADC8-42DDB05A7DF1}.Debug|ARM64.ActiveCfg = Debug|ARM64
		{E43DB33D-F8A7-4316-ADC8-42DDB05A7DF1}.Debug|ARM64.Build.0 = Debug|ARM64
		{E43DB33D-F8A7-4316-ADC8-42DDB05A7DF1}.Debug|x64.ActiveCfg = Debug|x64
		{E43DB33D-F8A7-4316-ADC8-42DDB05A7DF1}.Debug|x64.Build.0 = Debug|x64
		{E43DB33D-F8A7-4316-ADC8-42DDB05A7DF1}.Debug|x86.ActiveCfg = Debug|x86
		{E43DB33D-F8A7-4316-ADC8-42DDB05A7DF1}.Debug|x86.Build.0 = Debug|x86
		{E43DB33D-F8A7-4316-ADC8-42DDB05A7DF1}.Release|ARM.ActiveCfg = Release|ARM
		{E43DB33D-F8A7-4316-ADC8-42DDB05A7DF1}.Release|ARM.Build.0 = Release|ARM
		{E43DB33D-F8A7-4316-ADC8-42DDB05A7DF1}.Release|ARM64.ActiveCfg = Release|ARM64
		{E43DB33D-F8A7-4316-ADC8-42DDB05A7DF1}.Release|ARM64.Build.0 = Release|ARM64
		{E43DB33D-F8A7-4316-ADC8-42DDB05A7DF1}.Release|x64.ActiveCfg = Release|x64
		{E43DB33D-F8A7-4316-ADC8-42DDB05A7DF1}.Release|x64.Build.0 = Release|x64
		{E43DB33D-F8A7-4316-ADC8-42DDB05A7DF1}.Release|x86.ActiveCfg = Release|x86
		{E43DB33D-F8A7-4316-ADC8-42DDB05A7DF1}.Release|x86.Build.0 = Release|x86
		{3FBF3C7B-88C6-4EB0-A2F5-D076FD2F7D1B}.Debug|ARM.ActiveCfg = Debug|ARM
		{3FBF3C7B-88C6-4EB0-A2F5-D076FD2F7D1B}.Debug|ARM.Build.0 = Debug|ARM
		{3FBF3C7B-88C6-4EB0-A2F5-D076FD2F7D1B}.Debug|ARM64.ActiveCfg = Debug|ARM64
		{3FBF3C7B-88C6-4EB0-A2F5-D076FD2F7D1B}.Debug|ARM64.Build.0 = Debug|ARM64
		{3FBF3C7B-88C6-4EB0-A2F5-D076FD2F7D1B}.Debug|x64.ActiveCfg = Debug|x64
		{3FBF3C7B-88C6-4EB0-A2F5-D076FD2F7D1B}.Debug|x64.Build.0 = Debug|x64
		{3FBF3C7B-88C6-4EB0-A2F5-D076FD2F7D1B}.Debug|x86.ActiveCfg = Debug|x86
		{3FBF3C7B-88C6-4EB0-A2F5-D076FD2F7D1B}.Debug|x86.Build.0 = Debug|x86
		{3FBF3C7B-88C6-4EB0-A2F5-D076FD2F7D1B}.Release|ARM.ActiveCfg = Release|ARM
		{3FBF3C7B-88C6-4EB0-A2F5-D076FD2F7D1B}.Release|ARM.Build.0 = Release|ARM
		{3FBF3C7B-88C6-4EB0-A2F5-D076FD2F7D1B}.Release|ARM64.ActiveCfg = Release|ARM64
		{3FBF3C7B-88C6-4EB0-A2F5-D076FD2F7D1B}.Release|ARM64.Build.0 = Release|ARM64
		{3FBF3C7B-88C6-4EB0-A2F5-D076FD2F7D1B}.Release|x64.ActiveCfg = Release|x64
		{3FBF3C7B-88C6-4EB0-A2F5-D076FD2F7D1B}.Release|x64.Build.0 = Release|x64
		{3FBF3C7B-88C6-4EB0-A2F5-D076FD2F7D1B}.Release|x86.ActiveCfg = Release|x86
		{3FBF3C7B-88C6-4EB0-A2F5-D076FD2F7D1B}.Release|x86.Build.0 = Release|x86
		{345DD5E5-711B-4E59-A23C-892ED47BD98C}.Debug|ARM.ActiveCfg = Debug|ARM
		{345DD5E5-711B-4E59-A23C-892ED47BD98C}.Debug|ARM.Build.0 = Debug|ARM
		{345DD5E5-711B-4E59-A23C-892ED47BD98C}.Debug|ARM.Deploy.0 = Debug|ARM
		{345DD5E5-711B-4E59-A23C-892ED47BD98C}.Debug|ARM64.ActiveCfg = Debug|ARM64
		{345DD5E5-711B-4E59-A23C-892ED47BD98C}.Debug|ARM64.Build.0 = Debug|ARM64
		{345DD5E5-711B-4E59-A23C-892ED47BD98C}.Debug|ARM64.Deploy.0 = Debug|ARM64
		{345DD5E5-711B-4E59-A23C-892ED47BD98C}.Debug|x64.ActiveCfg = Debug|x64
		{345DD5E5-711B-4E59-A23C-892ED47BD98C}.Debug|x64.Build.0 = Debug|x64
		{345DD5E5-711B-4E59-A23C-892ED47BD98C}.Debug|x64.Deploy.0 = Debug|x64
		{345DD5E5-711B-4E59-A23C-892ED47BD98C}.Debug|x86.ActiveCfg = Debug|x86
		{345DD5E5-711B-4E59-A23C-892ED47BD98C}.Debug|x86.Build.0 = Debug|x86
		{345DD5E5-711B-4E59-A23C-892ED47BD98C}.Debug|x86.Deploy.0 = Debug|x86
		{345DD5E5-711B-4E59-A23C-892ED47BD98C}.Release|ARM.ActiveCfg = Release|ARM
		{345DD5E5-711B-4E59-A23C-892ED47BD98C}.Release|ARM.Build.0 = Release|ARM
		{345DD5E5-711B-4E59-A23C-892ED47BD98C}.Release|ARM.Deploy.0 = Release|ARM
		{345DD5E5-711B-4E59-A23C-892ED47BD98C}.Release|ARM64.ActiveCfg = Release|ARM64
		{345DD5E5-711B-4E59-A23C-892ED47BD98C}.Release|ARM64.Build.0 = Release|ARM64
		{345DD5E5-711B-4E59-A23C-892ED47BD98C}.Release|ARM64.Deploy.0 = Release|ARM64
		{345DD5E5-711B-4E59-A23C-892ED47BD98C}.Release|x64.ActiveCfg = Release|x64
		{345DD5E5-711B-4E59-A23C-892ED47BD98C}.Release|x64.Build.0 = Release|x64
		{345DD5E5-711B-4E59-A23C-892ED47BD98C}.Release|x64.Deploy.0 = Release|x64
		{345DD5E5-711B-4E59-A23C-892ED47BD98C}.Release|x86.ActiveCfg = Release|x86
		{345DD5E5-711B-4E59-A23C-892ED47BD98C}.Release|x86.Build.0 = Release|x86
		{345DD5E5-711B-4E59-A23C-892ED47BD98C}.Release|x86.Deploy.0 = Release|x86
		{7BA32E09-48EE-420E-B8B9-09392D246BA8}.Debug|ARM.ActiveCfg = Debug|ARM
		{7BA32E09-48EE-420E-B8B9-09392D246BA8}.Debug|ARM.Build.0 = Debug|ARM
		{7BA32E09-48EE-420E-B8B9-09392D246BA8}.Debug|ARM.Deploy.0 = Debug|ARM
		{7BA32E09-48EE-420E-B8B9-09392D246BA8}.Debug|ARM64.ActiveCfg = Debug|ARM64
		{7BA32E09-48EE-420E-B8B9-09392D246BA8}.Debug|ARM64.Build.0 = Debug|ARM64
		{7BA32E09-48EE-420E-B8B9-09392D246BA8}.Debug|ARM64.Deploy.0 = Debug|ARM64
		{7BA32E09-48EE-420E-B8B9-09392D246BA8}.Debug|x64.ActiveCfg = Debug|x64
		{7BA32E09-48EE-420E-B8B9-09392D246BA8}.Debug|x64.Build.0 = Debug|x64
		{7BA32E09-48EE-420E-B8B9-09392D246BA8}.Debug|x64.Deploy.0 = Debug|x64
		{7BA32E09-48EE-420E-B8B9-09392D246BA8}.Debug|x86.ActiveCfg = Debug|x86
		{7BA32E09-48EE-420E-B8B9-09392D246BA8}.Debug|x86.Build.0 = Debug|x86
		{7BA32E09-48EE-420E-B8B9-09392D246BA8}.Debug|x86.Deploy.0 = Debug|x86
		{7BA32E09-48EE-420E-B8B9-09392D246BA8}.Release|ARM.ActiveCfg = Release|ARM
		{7BA32E09-48EE-420E-B8B9-09392D246BA8}.Release|ARM.Build.0 = Release|ARM
		{7BA32E09-48EE-420E-B8B9-09392D246BA8}.Release|ARM.Deploy.0 = Release|ARM
		{7BA32E09-48EE-420E-B8B9-09392D246BA8}.Release|ARM64.ActiveCfg = Release|ARM64
		{7BA32E09-48EE-420E-B8B9-09392D246BA8}.Release|ARM64.Build.0 = Release|ARM64
		{7BA32E09-48EE-420E-B8B9-09392D246BA8}.Release|ARM64.Deploy.0 = Release|ARM64
		{7BA32E09-48EE-420E-B8B9-09392D246BA8}.Release|x64.ActiveCfg = Release|x64
		{7BA32E09-48EE-420E-B8B9-09392D246BA8}.Release|x64.Build.0 = Release|x64
		{7BA32E09-48EE-420E-B8B9-09392D246BA8}.Release|x64.Deploy.0 = Release|x64
		{7BA32E09-48EE-420E-B8B9-09392D246BA8}.Release|x86.ActiveCfg = Release|x86
		{7BA32E09-48EE-420E-B8B9-09392D246BA8}.Release|x86.Build.0 = Release|x86
		{7BA32E09-48EE-420E-B8B9-09392D246BA8}.Release|x86.Deploy.0 = Release|x86
	EndGlobalSection
	GlobalSection(SolutionProperties) = preSolution
		HideSolutionNode = FALSE
	EndGlobalSection
	GlobalSection(NestedProjects) = preSolution
		{E43DB33D-F8A7-4316-ADC8-42DDB05A7DF1} = {3FCFAC9D-285C-481B-BF9C-915956338268}
		{B52C2BAF-245E-4704-A3DF-F66581FE00B6} = {3FCFAC9D-285C-481B-BF9C-915956338268}
		{3FBF3C7B-88C6-4EB0-A2F5-D076FD2F7D1B} = {3FCFAC9D-285C-481B-BF9C-915956338268}
	EndGlobalSection
	GlobalSection(SharedMSBuildProjectFiles) = preSolution
		TestOf3D\OLCPGEMobile\TestOf3D.Shared\TestOf3D.Shared.vcxitems*{3fbf3c7b-88c6-4eb0-a2f5-d076fd2f7d1b}*SharedItemsImports = 4
		TestOf3D\OLCPGEMobile\TestOf3D.Shared\TestOf3D.Shared.vcxitems*{b52c2baf-245e-4704-a3df-f66581fe00b6}*SharedItemsImports = 9
		TestOf3D\OLCPGEMobile\TestOf3D.Shared\TestOf3D.Shared.vcxitems*{e43db33d-f8a7-4316-adc8-42ddb05a7df1}*SharedItemsImports = 4
	EndGlobalSection
EndGlobal
